// !$*UTF8*$!
{
	archiveVersion = 1;
	classes = {
	};
	objectVersion = 50;
	objects = {

/* Begin PBXBuildFile section */
		5914673E2152DE77001B1024 /* AppDelegate.m in Sources */ = {isa = PBXBuildFile; fileRef = 5914673D2152DE77001B1024 /* AppDelegate.m */; };
		591467412152DE77001B1024 /* ViewController.m in Sources */ = {isa = PBXBuildFile; fileRef = 591467402152DE77001B1024 /* ViewController.m */; };
		591467442152DE77001B1024 /* Main.storyboard in Resources */ = {isa = PBXBuildFile; fileRef = 591467422152DE77001B1024 /* Main.storyboard */; };
		591467462152DE78001B1024 /* Assets.xcassets in Resources */ = {isa = PBXBuildFile; fileRef = 591467452152DE78001B1024 /* Assets.xcassets */; };
		591467492152DE78001B1024 /* LaunchScreen.storyboard in Resources */ = {isa = PBXBuildFile; fileRef = 591467472152DE78001B1024 /* LaunchScreen.storyboard */; };
		5914674C2152DE78001B1024 /* main.m in Sources */ = {isa = PBXBuildFile; fileRef = 5914674B2152DE78001B1024 /* main.m */; };
/* End PBXBuildFile section */

/* Begin PBXFileReference section */
		591467392152DE77001B1024 /* ITRex_TestProj_Obj-C.app */ = {isa = PBXFileReference; explicitFileType = wrapper.application; includeInIndex = 0; path = "ITRex_TestProj_Obj-C.app"; sourceTree = BUILT_PRODUCTS_DIR; };
		5914673C2152DE77001B1024 /* AppDelegate.h */ = {isa = PBXFileReference; lastKnownFileType = sourcecode.c.h; path = AppDelegate.h; sourceTree = "<group>"; };
		5914673D2152DE77001B1024 /* AppDelegate.m */ = {isa = PBXFileReference; lastKnownFileType = sourcecode.c.objc; path = AppDelegate.m; sourceTree = "<group>"; };
		5914673F2152DE77001B1024 /* ViewController.h */ = {isa = PBXFileReference; lastKnownFileType = sourcecode.c.h; path = ViewController.h; sourceTree = "<group>"; };
		591467402152DE77001B1024 /* ViewController.m */ = {isa = PBXFileReference; lastKnownFileType = sourcecode.c.objc; path = ViewController.m; sourceTree = "<group>"; };
		591467432152DE77001B1024 /* Base */ = {isa = PBXFileReference; lastKnownFileType = file.storyboard; name = Base; path = Base.lproj/Main.storyboard; sourceTree = "<group>"; };
		591467452152DE78001B1024 /* Assets.xcassets */ = {isa = PBXFileReference; lastKnownFileType = folder.assetcatalog; path = Assets.xcassets; sourceTree = "<group>"; };
		591467482152DE78001B1024 /* Base */ = {isa = PBXFileReference; lastKnownFileType = file.storyboard; name = Base; path = Base.lproj/LaunchScreen.storyboard; sourceTree = "<group>"; };
		5914674A2152DE78001B1024 /* Info.plist */ = {isa = PBXFileReference; lastKnownFileType = text.plist.xml; path = Info.plist; sourceTree = "<group>"; };
		5914674B2152DE78001B1024 /* main.m */ = {isa = PBXFileReference; lastKnownFileType = sourcecode.c.objc; path = main.m; sourceTree = "<group>"; };
/* End PBXFileReference section */

/* Begin PBXFrameworksBuildPhase section */
		591467362152DE77001B1024 /* Frameworks */ = {
			isa = PBXFrameworksBuildPhase;
			buildActionMask = 2147483647;
			files = (
			);
			runOnlyForDeploymentPostprocessing = 0;
		};
/* End PBXFrameworksBuildPhase section */

/* Begin PBXGroup section */
		591467302152DE76001B1024 = {
			isa = PBXGroup;
			children = (
				5914673B2152DE77001B1024 /* ITRex_TestProj_Obj-C */,
				5914673A2152DE77001B1024 /* Products */,
			);
			sourceTree = "<group>";
		};
		5914673A2152DE77001B1024 /* Products */ = {
			isa = PBXGroup;
			children = (
				591467392152DE77001B1024 /* ITRex_TestProj_Obj-C.app */,
			);
			name = Products;
			sourceTree = "<group>";
		};
		5914673B2152DE77001B1024 /* ITRex_TestProj_Obj-C */ = {
			isa = PBXGroup;
			children = (
				5914673C2152DE77001B1024 /* AppDelegate.h */,
				5914673D2152DE77001B1024 /* AppDelegate.m */,
				5914673F2152DE77001B1024 /* ViewController.h */,
				591467402152DE77001B1024 /* ViewController.m */,
				591467422152DE77001B1024 /* Main.storyboard */,
				591467452152DE78001B1024 /* Assets.xcassets */,
				591467472152DE78001B1024 /* LaunchScreen.storyboard */,
				5914674A2152DE78001B1024 /* Info.plist */,
				5914674B2152DE78001B1024 /* main.m */,
			);
			path = "ITRex_TestProj_Obj-C";
			sourceTree = "<group>";
		};
/* End PBXGroup section */

/* Begin PBXNativeTarget section */
		591467382152DE77001B1024 /* ITRex_TestProj_Obj-C */ = {
			isa = PBXNativeTarget;
			buildConfigurationList = 5914674F2152DE78001B1024 /* Build configuration list for PBXNativeTarget "ITRex_TestProj_Obj-C" */;
			buildPhases = (
				591467352152DE77001B1024 /* Sources */,
				591467362152DE77001B1024 /* Frameworks */,
				591467372152DE77001B1024 /* Resources */,
			);
			buildRules = (
			);
			dependencies = (
			);
			name = "ITRex_TestProj_Obj-C";
			productName = "ITRex_TestProj_Obj-C";
			productReference = 591467392152DE77001B1024 /* ITRex_TestProj_Obj-C.app */;
			productType = "com.apple.product-type.application";
		};
/* End PBXNativeTarget section */

/* Begin PBXProject section */
		591467312152DE76001B1024 /* Project object */ = {
			isa = PBXProject;
			attributes = {
				LastUpgradeCheck = 0940;
				ORGANIZATIONNAME = com.MaximShirko;
				TargetAttributes = {
					591467382152DE77001B1024 = {
						CreatedOnToolsVersion = 9.4.1;
					};
				};
			};
			buildConfigurationList = 591467342152DE76001B1024 /* Build configuration list for PBXProject "ITRex_TestProj_Obj-C" */;
			compatibilityVersion = "Xcode 9.3";
			developmentRegion = en;
			hasScannedForEncodings = 0;
			knownRegions = (
				en,
				Base,
			);
			mainGroup = 591467302152DE76001B1024;
			productRefGroup = 5914673A2152DE77001B1024 /* Products */;
			projectDirPath = "";
			projectRoot = "";
			targets = (
				591467382152DE77001B1024 /* ITRex_TestProj_Obj-C */,
			);
		};
/* End PBXProject section */

/* Begin PBXResourcesBuildPhase section */
		591467372152DE77001B1024 /* Resources */ = {
			isa = PBXResourcesBuildPhase;
			buildActionMask = 2147483647;
			files = (
				591467492152DE78001B1024 /* LaunchScreen.storyboard in Resources */,
				591467462152DE78001B1024 /* Assets.xcassets in Resources */,
				591467442152DE77001B1024 /* Main.storyboard in Resources */,
			);
			runOnlyForDeploymentPostprocessing = 0;
		};
/* End PBXResourcesBuildPhase section */

/* Begin PBXSourcesBuildPhase section */
		591467352152DE77001B1024 /* Sources */ = {
			isa = PBXSourcesBuildPhase;
			buildActionMask = 2147483647;
			files = (
				591467412152DE77001B1024 /* ViewController.m in Sources */,
				5914674C2152DE78001B1024 /* main.m in Sources */,
				5914673E2152DE77001B1024 /* AppDelegate.m in Sources */,
			);
			runOnlyForDeploymentPostprocessing = 0;
		};
/* End PBXSourcesBuildPhase section */

/* Begin PBXVariantGroup section */
		591467422152DE77001B1024 /* Main.storyboard */ = {
			isa = PBXVariantGroup;
			children = (
				591467432152DE77001B1024 /* Base */,
			);
			name = Main.storyboard;
			sourceTree = "<group>";
		};
		591467472152DE78001B1024 /* LaunchScreen.storyboard */ = {
			isa = PBXVariantGroup;
			children = (
				591467482152DE78001B1024 /* Base */,
			);
			name = LaunchScreen.storyboard;
			sourceTree = "<group>";
		};
/* End PBXVariantGroup section */

/* Begin XCBuildConfiguration section */
		5914674D2152DE78001B1024 /* Debug */ = {
			isa = XCBuildConfiguration;
			buildSettings = {
				ALWAYS_SEARCH_USER_PATHS = NO;
				CLANG_ANALYZER_NONNULL = YES;
				CLANG_ANALYZER_NUMBER_OBJECT_CONVERSION = YES_AGGRESSIVE;
				CLANG_CXX_LANGUAGE_STANDARD = "gnu++14";
				CLANG_CXX_LIBRARY = "libc++";
				CLANG_ENABLE_MODULES = YES;
				CLANG_ENABLE_OBJC_ARC = YES;
				CLANG_ENABLE_OBJC_WEAK = YES;
				CLANG_WARN_BLOCK_CAPTURE_AUTORELEASING = YES;
				CLANG_WARN_BOOL_CONVERSION = YES;
				CLANG_WARN_COMMA = YES;
				CLANG_WARN_CONSTANT_CONVERSION = YES;
				CLANG_WARN_DEPRECATED_OBJC_IMPLEMENTATIONS = YES;
				CLANG_WARN_DIRECT_OBJC_ISA_USAGE = YES_ERROR;
				CLANG_WARN_DOCUMENTATION_COMMENTS = YES;
				CLANG_WARN_EMPTY_BODY = YES;
				CLANG_WARN_ENUM_CONVERSION = YES;
				CLANG_WARN_INFINITE_RECURSION = YES;
				CLANG_WARN_INT_CONVERSION = YES;
				CLANG_WARN_NON_LITERAL_NULL_CONVERSION = YES;
				CLANG_WARN_OBJC_IMPLICIT_RETAIN_SELF = YES;
				CLANG_WARN_OBJC_LITERAL_CONVERSION = YES;
				CLANG_WARN_OBJC_ROOT_CLASS = YES_ERROR;
				CLANG_WARN_RANGE_LOOP_ANALYSIS = YES;
				CLANG_WARN_STRICT_PROTOTYPES = YES;
				CLANG_WARN_SUSPICIOUS_MOVE = YES;
				CLANG_WARN_UNGUARDED_AVAILABILITY = YES_AGGRESSIVE;
				CLANG_WARN_UNREACHABLE_CODE = YES;
				CLANG_WARN__DUPLICATE_METHOD_MATCH = YES;
				CODE_SIGN_IDENTITY = "iPhone Developer";
				COPY_PHASE_STRIP = NO;
				DEBUG_INFORMATION_FORMAT = dwarf;
				ENABLE_STRICT_OBJC_MSGSEND = YES;
				ENABLE_TESTABILITY = YES;
				GCC_C_LANGUAGE_STANDARD = gnu11;
				GCC_DYNAMIC_NO_PIC = NO;
				GCC_NO_COMMON_BLOCKS = YES;
				GCC_OPTIMIZATION_LEVEL = 0;
				GCC_PREPROCESSOR_DEFINITIONS = (
					"DEBUG=1",
					"$(inherited)",
				);
				GCC_WARN_64_TO_32_BIT_CONVERSION = YES;
				GCC_WARN_ABOUT_RETURN_TYPE = YES_ERROR;
				GCC_WARN_UNDECLARED_SELECTOR = YES;
				GCC_WARN_UNINITIALIZED_AUTOS = YES_AGGRESSIVE;
				GCC_WARN_UNUSED_FUNCTION = YES;
				GCC_WARN_UNUSED_VARIABLE = YES;
				IPHONEOS_DEPLOYMENT_TARGET = 11.4;
				MTL_ENABLE_DEBUG_INFO = YES;
				ONLY_ACTIVE_ARCH = YES;
				SDKROOT = iphoneos;
			};
			name = Debug;
		};
		5914674E2152DE78001B1024 /* Release */ = {
			isa = XCBuildConfiguration;
			buildSettings = {
				ALWAYS_SEARCH_USER_PATHS = NO;
				CLANG_ANALYZER_NONNULL = YES;
				CLANG_ANALYZER_NUMBER_OBJECT_CONVERSION = YES_AGGRESSIVE;
				CLANG_CXX_LANGUAGE_STANDARD = "gnu++14";
				CLANG_CXX_LIBRARY = "libc++";
				CLANG_ENABLE_MODULES = YES;
				CLANG_ENABLE_OBJC_ARC = YES;
				CLANG_ENABLE_OBJC_WEAK = YES;
				CLANG_WARN_BLOCK_CAPTURE_AUTORELEASING = YES;
				CLANG_WARN_BOOL_CONVERSION = YES;
				CLANG_WARN_COMMA = YES;
				CLANG_WARN_CONSTANT_CONVERSION = YES;
				CLANG_WARN_DEPRECATED_OBJC_IMPLEMENTATIONS = YES;
				CLANG_WARN_DIRECT_OBJC_ISA_USAGE = YES_ERROR;
				CLANG_WARN_DOCUMENTATION_COMMENTS = YES;
				CLANG_WARN_EMPTY_BODY = YES;
				CLANG_WARN_ENUM_CONVERSION = YES;
				CLANG_WARN_INFINITE_RECURSION = YES;
				CLANG_WARN_INT_CONVERSION = YES;
				CLANG_WARN_NON_LITERAL_NULL_CONVERSION = YES;
				CLANG_WARN_OBJC_IMPLICIT_RETAIN_SELF = YES;
				CLANG_WARN_OBJC_LITERAL_CONVERSION = YES;
				CLANG_WARN_OBJC_ROOT_CLASS = YES_ERROR;
				CLANG_WARN_RANGE_LOOP_ANALYSIS = YES;
				CLANG_WARN_STRICT_PROTOTYPES = YES;
				CLANG_WARN_SUSPICIOUS_MOVE = YES;
				CLANG_WARN_UNGUARDED_AVAILABILITY = YES_AGGRESSIVE;
				CLANG_WARN_UNREACHABLE_CODE = YES;
				CLANG_WARN__DUPLICATE_METHOD_MATCH = YES;
				CODE_SIGN_IDENTITY = "iPhone Developer";
				COPY_PHASE_STRIP = NO;
				DEBUG_INFORMATION_FORMAT = "dwarf-with-dsym";
				ENABLE_NS_ASSERTIONS = NO;
				ENABLE_STRICT_OBJC_MSGSEND = YES;
				GCC_C_LANGUAGE_STANDARD = gnu11;
				GCC_NO_COMMON_BLOCKS = YES;
				GCC_WARN_64_TO_32_BIT_CONVERSION = YES;
				GCC_WARN_ABOUT_RETURN_TYPE = YES_ERROR;
				GCC_WARN_UNDECLARED_SELECTOR = YES;
				GCC_WARN_UNINITIALIZED_AUTOS = YES_AGGRESSIVE;
				GCC_WARN_UNUSED_FUNCTION = YES;
				GCC_WARN_UNUSED_VARIABLE = YES;
				IPHONEOS_DEPLOYMENT_TARGET = 11.4;
				MTL_ENABLE_DEBUG_INFO = NO;
				SDKROOT = iphoneos;
				VALIDATE_PRODUCT = YES;
			};
			name = Release;
		};
		591467502152DE78001B1024 /* Debug */ = {
			isa = XCBuildConfiguration;
			buildSettings = {
				ASSETCATALOG_COMPILER_APPICON_NAME = AppIcon;
				CODE_SIGN_STYLE = Automatic;
				DEVELOPMENT_TEAM = 3ANN2K9UTZ;
				INFOPLIST_FILE = "ITRex_TestProj_Obj-C/Info.plist";
				LD_RUNPATH_SEARCH_PATHS = (
					"$(inherited)",
					"@executable_path/Frameworks",
				);
				PRODUCT_BUNDLE_IDENTIFIER = "MS.ITRex-TestProj-Obj-C";
				PRODUCT_NAME = "$(TARGET_NAME)";
				TARGETED_DEVICE_FAMILY = "1,2";
			};
			name = Debug;
		};
		591467512152DE78001B1024 /* Release */ = {
			isa = XCBuildConfiguration;
			buildSettings = {
				ASSETCATALOG_COMPILER_APPICON_NAME = AppIcon;
				CODE_SIGN_STYLE = Automatic;
				DEVELOPMENT_TEAM = 3ANN2K9UTZ;
				INFOPLIST_FILE = "ITRex_TestProj_Obj-C/Info.plist";
				LD_RUNPATH_SEARCH_PATHS = (
					"$(inherited)",
					"@executable_path/Frameworks",
				);
				PRODUCT_BUNDLE_IDENTIFIER = "MS.ITRex-TestProj-Obj-C";
				PRODUCT_NAME = "$(TARGET_NAME)";
				TARGETED_DEVICE_FAMILY = "1,2";
			};
			name = Release;
		};
/* End XCBuildConfiguration section */

/* Begin XCConfigurationList section */
		591467342152DE76001B1024 /* Build configuration list for PBXProject "ITRex_TestProj_Obj-C" */ = {
			isa = XCConfigurationList;
			buildConfigurations = (
				5914674D2152DE78001B1024 /* Debug */,
				5914674E2152DE78001B1024 /* Release */,
			);
			defaultConfigurationIsVisible = 0;
			defaultConfigurationName = Release;
		};
		5914674F2152DE78001B1024 /* Build configuration list for PBXNativeTarget "ITRex_TestProj_Obj-C" */ = {
			isa = XCConfigurationList;
			buildConfigurations = (
				591467502152DE78001B1024 /* Debug */,
				591467512152DE78001B1024 /* Release */,
			);
			defaultConfigurationIsVisible = 0;
			defaultConfigurationName = Release;
		};
/* End XCConfigurationList section */
	};
	rootObject = 591467312152DE76001B1024 /* Project object */;
}
